
Microsoft Visual Studio Solution File, Format Version 12.00
# Visual Studio Version 16
VisualStudioVersion = 16.0.29411.108
MinimumVisualStudioVersion = 10.0.40219.1
Project("{9A19103F-16F7-4668-BE54-9A1E7A4F7556}") = "MVCLogin", "MVCLogin.csproj", "{647E827E-B334-44AE-8C39-26A086250416}"
EndProject
Global
	GlobalSection(SolutionConfigurationPlatforms) = preSolution
		Debug|Any CPU = Debug|Any CPU
		Release|Any CPU = Release|Any CPU
	EndGlobalSection
	GlobalSection(ProjectConfigurationPlatforms) = postSolution
		{647E827E-B334-44AE-8C39-26A086250416}.Debug|Any CPU.ActiveCfg = Debug|Any CPU
		{647E827E-B334-44AE-8C39-26A086250416}.Debug|Any CPU.Build.0 = Debug|Any CPU
		{647E827E-B334-44AE-8C39-26A086250416}.Release|Any CPU.ActiveCfg = Release|Any CPU
		{647E827E-B334-44AE-8C39-26A086250416}.Release|Any CPU.Build.0 = Release|Any CPU
	EndGlobalSection
	GlobalSection(SolutionProperties) = preSolution
		HideSolutionNode = FALSE
	EndGlobalSection
	GlobalSection(ExtensibilityGlobals) = postSolution
		SolutionGuid = {49A60338-7FC8-49AC-8E0A-638419C4EDB4}
	EndGlobalSection
EndGlobal
